// !$*UTF8*$!
{
	archiveVersion = 1;
	classes = {
	};
	objectVersion = 46;
	objects = {

/* Begin PBXBuildFile section */
		4A0475081DF273FC0018041D /* AppDelegate.swift in Sources */ = {isa = PBXBuildFile; fileRef = 4A0475071DF273FC0018041D /* AppDelegate.swift */; };
		4A04750A1DF273FC0018041D /* EntryViewController.swift in Sources */ = {isa = PBXBuildFile; fileRef = 4A0475091DF273FC0018041D /* EntryViewController.swift */; };
		4A04750D1DF273FC0018041D /* Main.storyboard in Resources */ = {isa = PBXBuildFile; fileRef = 4A04750B1DF273FC0018041D /* Main.storyboard */; };
		4A04750F1DF273FC0018041D /* Assets.xcassets in Resources */ = {isa = PBXBuildFile; fileRef = 4A04750E1DF273FC0018041D /* Assets.xcassets */; };
		4A0475121DF273FC0018041D /* LaunchScreen.storyboard in Resources */ = {isa = PBXBuildFile; fileRef = 4A0475101DF273FC0018041D /* LaunchScreen.storyboard */; };
		4A21C90F1DF3E861007DE3A6 /* APIRequester.swift in Sources */ = {isa = PBXBuildFile; fileRef = 4A21C90E1DF3E861007DE3A6 /* APIRequester.swift */; };
		4A21C9111DF3E903007DE3A6 /* PhotosPublicModel.swift in Sources */ = {isa = PBXBuildFile; fileRef = 4A21C9101DF3E903007DE3A6 /* PhotosPublicModel.swift */; };
		4A21C9131DF3E9C8007DE3A6 /* PhotosPublicItem.swift in Sources */ = {isa = PBXBuildFile; fileRef = 4A21C9121DF3E9C8007DE3A6 /* PhotosPublicItem.swift */; };
		4A46BEB61DF27C18005F5BA1 /* PhotoShowViewController.swift in Sources */ = {isa = PBXBuildFile; fileRef = 4A46BEB51DF27C18005F5BA1 /* PhotoShowViewController.swift */; };
		4A46BEBE1DF27E04005F5BA1 /* WebImage.framework in Frameworks */ = {isa = PBXBuildFile; fileRef = 4A46BEB71DF27D67005F5BA1 /* WebImage.framework */; };
		4A8BCBBE1DF281120011AAC4 /* PhotoViewSupplier.swift in Sources */ = {isa = PBXBuildFile; fileRef = 4A8BCBBD1DF281120011AAC4 /* PhotoViewSupplier.swift */; };
		4A96A7C91DF3CB35000A83A3 /* UIViewExtension.swift in Sources */ = {isa = PBXBuildFile; fileRef = 4A96A7C81DF3CB35000A83A3 /* UIViewExtension.swift */; };
		4AE7A1191DF400D300D45E38 /* DateExtension.swift in Sources */ = {isa = PBXBuildFile; fileRef = 4AE7A1181DF400D300D45E38 /* DateExtension.swift */; };
		7EC8A0EA1E4460B7001824BA /* Alamofire.framework in Frameworks */ = {isa = PBXBuildFile; fileRef = 7EC8A0E61E4460B7001824BA /* Alamofire.framework */; };
		7EC8A0EB1E4460B7001824BA /* ObjectMapper.framework in Frameworks */ = {isa = PBXBuildFile; fileRef = 7EC8A0E71E4460B7001824BA /* ObjectMapper.framework */; };
		7EC8A0EC1E4460B7001824BA /* RxAlamofire.framework in Frameworks */ = {isa = PBXBuildFile; fileRef = 7EC8A0E81E4460B7001824BA /* RxAlamofire.framework */; };
		7EC8A0ED1E4460B7001824BA /* RxSwift.framework in Frameworks */ = {isa = PBXBuildFile; fileRef = 7EC8A0E91E4460B7001824BA /* RxSwift.framework */; };
		7EC8A0EF1E446130001824BA /* RxCocoa.framework in Frameworks */ = {isa = PBXBuildFile; fileRef = 7EC8A0EE1E446130001824BA /* RxCocoa.framework */; };
/* End PBXBuildFile section */

/* Begin PBXFileReference section */
		4A0475041DF273FC0018041D /* FlickrShow.app */ = {isa = PBXFileReference; explicitFileType = wrapper.application; includeInIndex = 0; path = FlickrShow.app; sourceTree = BUILT_PRODUCTS_DIR; };
		4A0475071DF273FC0018041D /* AppDelegate.swift */ = {isa = PBXFileReference; lastKnownFileType = sourcecode.swift; path = AppDelegate.swift; sourceTree = "<group>"; };
		4A0475091DF273FC0018041D /* EntryViewController.swift */ = {isa = PBXFileReference; lastKnownFileType = sourcecode.swift; path = EntryViewController.swift; sourceTree = "<group>"; };
		4A04750C1DF273FC0018041D /* Base */ = {isa = PBXFileReference; lastKnownFileType = file.storyboard; name = Base; path = Base.lproj/Main.storyboard; sourceTree = "<group>"; };
		4A04750E1DF273FC0018041D /* Assets.xcassets */ = {isa = PBXFileReference; lastKnownFileType = folder.assetcatalog; path = Assets.xcassets; sourceTree = "<group>"; };
		4A0475111DF273FC0018041D /* Base */ = {isa = PBXFileReference; lastKnownFileType = file.storyboard; name = Base; path = Base.lproj/LaunchScreen.storyboard; sourceTree = "<group>"; };
		4A0475131DF273FC0018041D /* Info.plist */ = {isa = PBXFileReference; lastKnownFileType = text.plist.xml; path = Info.plist; sourceTree = "<group>"; };
		4A21C90E1DF3E861007DE3A6 /* APIRequester.swift */ = {isa = PBXFileReference; fileEncoding = 4; lastKnownFileType = sourcecode.swift; path = APIRequester.swift; sourceTree = "<group>"; };
		4A21C9101DF3E903007DE3A6 /* PhotosPublicModel.swift */ = {isa = PBXFileReference; fileEncoding = 4; lastKnownFileType = sourcecode.swift; path = PhotosPublicModel.swift; sourceTree = "<group>"; };
		4A21C9121DF3E9C8007DE3A6 /* PhotosPublicItem.swift */ = {isa = PBXFileReference; fileEncoding = 4; lastKnownFileType = sourcecode.swift; path = PhotosPublicItem.swift; sourceTree = "<group>"; };
		4A46BEB51DF27C18005F5BA1 /* PhotoShowViewController.swift */ = {isa = PBXFileReference; fileEncoding = 4; lastKnownFileType = sourcecode.swift; path = PhotoShowViewController.swift; sourceTree = "<group>"; };
		4A46BEB71DF27D67005F5BA1 /* WebImage.framework */ = {isa = PBXFileReference; lastKnownFileType = wrapper.framework; name = WebImage.framework; path = Carthage/Build/iOS/WebImage.framework; sourceTree = "<group>"; };
		4A46BEBC1DF27DB3005F5BA1 /* WebImage.framework.dSYM */ = {isa = PBXFileReference; lastKnownFileType = wrapper.dsym; name = WebImage.framework.dSYM; path = Carthage/Build/iOS/WebImage.framework.dSYM; sourceTree = "<group>"; };
		4A8BCBBD1DF281120011AAC4 /* PhotoViewSupplier.swift */ = {isa = PBXFileReference; fileEncoding = 4; lastKnownFileType = sourcecode.swift; path = PhotoViewSupplier.swift; sourceTree = "<group>"; };
		4A96A7C81DF3CB35000A83A3 /* UIViewExtension.swift */ = {isa = PBXFileReference; fileEncoding = 4; lastKnownFileType = sourcecode.swift; path = UIViewExtension.swift; sourceTree = "<group>"; };
		4AE7A1181DF400D300D45E38 /* DateExtension.swift */ = {isa = PBXFileReference; fileEncoding = 4; lastKnownFileType = sourcecode.swift; path = DateExtension.swift; sourceTree = "<group>"; };
		7EC8A0E61E4460B7001824BA /* Alamofire.framework */ = {isa = PBXFileReference; lastKnownFileType = wrapper.framework; name = Alamofire.framework; path = Carthage/Build/iOS/Alamofire.framework; sourceTree = "<group>"; };
		7EC8A0E71E4460B7001824BA /* ObjectMapper.framework */ = {isa = PBXFileReference; lastKnownFileType = wrapper.framework; name = ObjectMapper.framework; path = Carthage/Build/iOS/ObjectMapper.framework; sourceTree = "<group>"; };
		7EC8A0E81E4460B7001824BA /* RxAlamofire.framework */ = {isa = PBXFileReference; lastKnownFileType = wrapper.framework; name = RxAlamofire.framework; path = Carthage/Build/iOS/RxAlamofire.framework; sourceTree = "<group>"; };
		7EC8A0E91E4460B7001824BA /* RxSwift.framework */ = {isa = PBXFileReference; lastKnownFileType = wrapper.framework; name = RxSwift.framework; path = Carthage/Build/iOS/RxSwift.framework; sourceTree = "<group>"; };
		7EC8A0EE1E446130001824BA /* RxCocoa.framework */ = {isa = PBXFileReference; lastKnownFileType = wrapper.framework; name = RxCocoa.framework; path = Carthage/Build/iOS/RxCocoa.framework; sourceTree = "<group>"; };
/* End PBXFileReference section */

/* Begin PBXFrameworksBuildPhase section */
		4A0475011DF273FC0018041D /* Frameworks */ = {
			isa = PBXFrameworksBuildPhase;
			buildActionMask = 2147483647;
			files = (
				7EC8A0EF1E446130001824BA /* RxCocoa.framework in Frameworks */,
				7EC8A0EA1E4460B7001824BA /* Alamofire.framework in Frameworks */,
				7EC8A0EB1E4460B7001824BA /* ObjectMapper.framework in Frameworks */,
				7EC8A0EC1E4460B7001824BA /* RxAlamofire.framework in Frameworks */,
				7EC8A0ED1E4460B7001824BA /* RxSwift.framework in Frameworks */,
				4A46BEBE1DF27E04005F5BA1 /* WebImage.framework in Frameworks */,
			);
			runOnlyForDeploymentPostprocessing = 0;
		};
/* End PBXFrameworksBuildPhase section */

/* Begin PBXGroup section */
		4A0474FB1DF273FC0018041D = {
			isa = PBXGroup;
			children = (
				4A46BEBC1DF27DB3005F5BA1 /* WebImage.framework.dSYM */,
				4A46BEB71DF27D67005F5BA1 /* WebImage.framework */,
				4A0475061DF273FC0018041D /* FlickrShow */,
				4A0475051DF273FC0018041D /* Products */,
				7EC8A0E51E4460B7001824BA /* Frameworks */,
			);
			sourceTree = "<group>";
		};
		4A0475051DF273FC0018041D /* Products */ = {
			isa = PBXGroup;
			children = (
				4A0475041DF273FC0018041D /* FlickrShow.app */,
			);
			name = Products;
			sourceTree = "<group>";
		};
		4A0475061DF273FC0018041D /* FlickrShow */ = {
			isa = PBXGroup;
			children = (
				4A0475071DF273FC0018041D /* AppDelegate.swift */,
				4A0475091DF273FC0018041D /* EntryViewController.swift */,
				4A46BEB51DF27C18005F5BA1 /* PhotoShowViewController.swift */,
				4A04750B1DF273FC0018041D /* Main.storyboard */,
				4A04750E1DF273FC0018041D /* Assets.xcassets */,
				4A0475101DF273FC0018041D /* LaunchScreen.storyboard */,
				4A0475131DF273FC0018041D /* Info.plist */,
				4A8BCBBD1DF281120011AAC4 /* PhotoViewSupplier.swift */,
				4A21C90E1DF3E861007DE3A6 /* APIRequester.swift */,
				4A21C9101DF3E903007DE3A6 /* PhotosPublicModel.swift */,
				4A21C9121DF3E9C8007DE3A6 /* PhotosPublicItem.swift */,
				4A96A7C81DF3CB35000A83A3 /* UIViewExtension.swift */,
				4AE7A1181DF400D300D45E38 /* DateExtension.swift */,
			);
			path = FlickrShow;
			sourceTree = "<group>";
		};
		7EC8A0E51E4460B7001824BA /* Frameworks */ = {
			isa = PBXGroup;
			children = (
				7EC8A0EE1E446130001824BA /* RxCocoa.framework */,
				7EC8A0E61E4460B7001824BA /* Alamofire.framework */,
				7EC8A0E71E4460B7001824BA /* ObjectMapper.framework */,
				7EC8A0E81E4460B7001824BA /* RxAlamofire.framework */,
				7EC8A0E91E4460B7001824BA /* RxSwift.framework */,
			);
			name = Frameworks;
			sourceTree = "<group>";
		};
/* End PBXGroup section */

/* Begin PBXNativeTarget section */
		4A0475031DF273FC0018041D /* FlickrShow */ = {
			isa = PBXNativeTarget;
			buildConfigurationList = 4A0475161DF273FC0018041D /* Build configuration list for PBXNativeTarget "FlickrShow" */;
			buildPhases = (
				4A0475001DF273FC0018041D /* Sources */,
				4A0475011DF273FC0018041D /* Frameworks */,
				4A0475021DF273FC0018041D /* Resources */,
				4A46BEBF1DF27E13005F5BA1 /* ShellScript */,
			);
			buildRules = (
			);
			dependencies = (
			);
			name = FlickrShow;
			productName = FlickrShow;
			productReference = 4A0475041DF273FC0018041D /* FlickrShow.app */;
			productType = "com.apple.product-type.application";
		};
/* End PBXNativeTarget section */

/* Begin PBXProject section */
		4A0474FC1DF273FC0018041D /* Project object */ = {
			isa = PBXProject;
			attributes = {
				LastSwiftUpdateCheck = 0800;
				LastUpgradeCheck = 0810;
				ORGANIZATIONNAME = none;
				TargetAttributes = {
					4A0475031DF273FC0018041D = {
						CreatedOnToolsVersion = 8.0;
						ProvisioningStyle = Manual;
					};
				};
			};
			buildConfigurationList = 4A0474FF1DF273FC0018041D /* Build configuration list for PBXProject "FlickrShow" */;
			compatibilityVersion = "Xcode 3.2";
			developmentRegion = English;
			hasScannedForEncodings = 0;
			knownRegions = (
				en,
				Base,
			);
			mainGroup = 4A0474FB1DF273FC0018041D;
			productRefGroup = 4A0475051DF273FC0018041D /* Products */;
			projectDirPath = "";
			projectRoot = "";
			targets = (
				4A0475031DF273FC0018041D /* FlickrShow */,
			);
		};
/* End PBXProject section */

/* Begin PBXResourcesBuildPhase section */
		4A0475021DF273FC0018041D /* Resources */ = {
			isa = PBXResourcesBuildPhase;
			buildActionMask = 2147483647;
			files = (
				4A0475121DF273FC0018041D /* LaunchScreen.storyboard in Resources */,
				4A04750F1DF273FC0018041D /* Assets.xcassets in Resources */,
				4A04750D1DF273FC0018041D /* Main.storyboard in Resources */,
			);
			runOnlyForDeploymentPostprocessing = 0;
		};
/* End PBXResourcesBuildPhase section */

/* Begin PBXShellScriptBuildPhase section */
		4A46BEBF1DF27E13005F5BA1 /* ShellScript */ = {
			isa = PBXShellScriptBuildPhase;
			buildActionMask = 2147483647;
			files = (
			);
			inputPaths = (
				"$(SRCROOT)/Carthage/Build/iOS/WebImage.framework",
				"$(SRCROOT)/Carthage/Build/iOS/Alamofire.framework",
				"$(SRCROOT)/Carthage/Build/iOS/RxSwift.framework",
				"$(SRCROOT)/Carthage/Build/iOS/ObjectMapper.framework",
				"$(SRCROOT)/Carthage/Build/iOS/RxAlamofire.framework",
				"$(SRCROOT)/Carthage/Build/iOS/RxCocoa.framework",
			);
			outputPaths = (
			);
			runOnlyForDeploymentPostprocessing = 0;
			shellPath = /bin/sh;
			shellScript = "/usr/local/bin/carthage copy-frameworks";
		};
/* End PBXShellScriptBuildPhase section */

/* Begin PBXSourcesBuildPhase section */
		4A0475001DF273FC0018041D /* Sources */ = {
			isa = PBXSourcesBuildPhase;
			buildActionMask = 2147483647;
			files = (
				4A96A7C91DF3CB35000A83A3 /* UIViewExtension.swift in Sources */,
				4A21C90F1DF3E861007DE3A6 /* APIRequester.swift in Sources */,
				4A04750A1DF273FC0018041D /* EntryViewController.swift in Sources */,
				4A0475081DF273FC0018041D /* AppDelegate.swift in Sources */,
				4AE7A1191DF400D300D45E38 /* DateExtension.swift in Sources */,
				4A21C9131DF3E9C8007DE3A6 /* PhotosPublicItem.swift in Sources */,
				4A21C9111DF3E903007DE3A6 /* PhotosPublicModel.swift in Sources */,
				4A46BEB61DF27C18005F5BA1 /* PhotoShowViewController.swift in Sources */,
				4A8BCBBE1DF281120011AAC4 /* PhotoViewSupplier.swift in Sources */,
			);
			runOnlyForDeploymentPostprocessing = 0;
		};
/* End PBXSourcesBuildPhase section */

/* Begin PBXVariantGroup section */
		4A04750B1DF273FC0018041D /* Main.storyboard */ = {
			isa = PBXVariantGroup;
			children = (
				4A04750C1DF273FC0018041D /* Base */,
			);
			name = Main.storyboard;
			sourceTree = "<group>";
		};
		4A0475101DF273FC0018041D /* LaunchScreen.storyboard */ = {
			isa = PBXVariantGroup;
			children = (
				4A0475111DF273FC0018041D /* Base */,
			);
			name = LaunchScreen.storyboard;
			sourceTree = "<group>";
		};
/* End PBXVariantGroup section */

/* Begin XCBuildConfiguration section */
		4A0475141DF273FC0018041D /* Debug */ = {
			isa = XCBuildConfiguration;
			buildSettings = {
				ALWAYS_SEARCH_USER_PATHS = NO;
				CLANG_ANALYZER_NONNULL = YES;
				CLANG_CXX_LANGUAGE_STANDARD = "gnu++0x";
				CLANG_CXX_LIBRARY = "libc++";
				CLANG_ENABLE_MODULES = YES;
				CLANG_ENABLE_OBJC_ARC = YES;
				CLANG_WARN_BOOL_CONVERSION = YES;
				CLANG_WARN_CONSTANT_CONVERSION = YES;
				CLANG_WARN_DIRECT_OBJC_ISA_USAGE = YES_ERROR;
				CLANG_WARN_DOCUMENTATION_COMMENTS = YES;
				CLANG_WARN_EMPTY_BODY = YES;
				CLANG_WARN_ENUM_CONVERSION = YES;
				CLANG_WARN_INFINITE_RECURSION = YES;
				CLANG_WARN_INT_CONVERSION = YES;
				CLANG_WARN_OBJC_ROOT_CLASS = YES_ERROR;
				CLANG_WARN_SUSPICIOUS_MOVE = YES;
				CLANG_WARN_SUSPICIOUS_MOVES = YES;
				CLANG_WARN_UNREACHABLE_CODE = YES;
				CLANG_WARN__DUPLICATE_METHOD_MATCH = YES;
				"CODE_SIGN_IDENTITY[sdk=iphoneos*]" = "iPhone Developer";
				COPY_PHASE_STRIP = NO;
				DEBUG_INFORMATION_FORMAT = dwarf;
				ENABLE_STRICT_OBJC_MSGSEND = YES;
				ENABLE_TESTABILITY = YES;
				GCC_C_LANGUAGE_STANDARD = gnu99;
				GCC_DYNAMIC_NO_PIC = NO;
				GCC_NO_COMMON_BLOCKS = YES;
				GCC_OPTIMIZATION_LEVEL = 0;
				GCC_PREPROCESSOR_DEFINITIONS = (
					"DEBUG=1",
					"$(inherited)",
				);
				GCC_WARN_64_TO_32_BIT_CONVERSION = YES;
				GCC_WARN_ABOUT_RETURN_TYPE = YES_ERROR;
				GCC_WARN_UNDECLARED_SELECTOR = YES;
				GCC_WARN_UNINITIALIZED_AUTOS = YES_AGGRESSIVE;
				GCC_WARN_UNUSED_FUNCTION = YES;
				GCC_WARN_UNUSED_VARIABLE = YES;
				IPHONEOS_DEPLOYMENT_TARGET = 10.0;
				MTL_ENABLE_DEBUG_INFO = YES;
				ONLY_ACTIVE_ARCH = YES;
				SDKROOT = iphoneos;
				SWIFT_ACTIVE_COMPILATION_CONDITIONS = DEBUG;
				SWIFT_OPTIMIZATION_LEVEL = "-Onone";
			};
			name = Debug;
		};
		4A0475151DF273FC0018041D /* Release */ = {
			isa = XCBuildConfiguration;
			buildSettings = {
				ALWAYS_SEARCH_USER_PATHS = NO;
				CLANG_ANALYZER_NONNULL = YES;
				CLANG_CXX_LANGUAGE_STANDARD = "gnu++0x";
				CLANG_CXX_LIBRARY = "libc++";
				CLANG_ENABLE_MODULES = YES;
				CLANG_ENABLE_OBJC_ARC = YES;
				CLANG_WARN_BOOL_CONVERSION = YES;
				CLANG_WARN_CONSTANT_CONVERSION = YES;
				CLANG_WARN_DIRECT_OBJC_ISA_USAGE = YES_ERROR;
				CLANG_WARN_DOCUMENTATION_COMMENTS = YES;
				CLANG_WARN_EMPTY_BODY = YES;
				CLANG_WARN_ENUM_CONVERSION = YES;
				CLANG_WARN_INFINITE_RECURSION = YES;
				CLANG_WARN_INT_CONVERSION = YES;
				CLANG_WARN_OBJC_ROOT_CLASS = YES_ERROR;
				CLANG_WARN_SUSPICIOUS_MOVE = YES;
				CLANG_WARN_SUSPICIOUS_MOVES = YES;
				CLANG_WARN_UNREACHABLE_CODE = YES;
				CLANG_WARN__DUPLICATE_METHOD_MATCH = YES;
				"CODE_SIGN_IDENTITY[sdk=iphoneos*]" = "iPhone Developer";
				COPY_PHASE_STRIP = NO;
				DEBUG_INFORMATION_FORMAT = "dwarf-with-dsym";
				ENABLE_NS_ASSERTIONS = NO;
				ENABLE_STRICT_OBJC_MSGSEND = YES;
				GCC_C_LANGUAGE_STANDARD = gnu99;
				GCC_NO_COMMON_BLOCKS = YES;
				GCC_WARN_64_TO_32_BIT_CONVERSION = YES;
				GCC_WARN_ABOUT_RETURN_TYPE = YES_ERROR;
				GCC_WARN_UNDECLARED_SELECTOR = YES;
				GCC_WARN_UNINITIALIZED_AUTOS = YES_AGGRESSIVE;
				GCC_WARN_UNUSED_FUNCTION = YES;
				GCC_WARN_UNUSED_VARIABLE = YES;
				IPHONEOS_DEPLOYMENT_TARGET = 10.0;
				MTL_ENABLE_DEBUG_INFO = NO;
				SDKROOT = iphoneos;
				SWIFT_OPTIMIZATION_LEVEL = "-Owholemodule";
				VALIDATE_PRODUCT = YES;
			};
			name = Release;
		};
		4A0475171DF273FC0018041D /* Debug */ = {
			isa = XCBuildConfiguration;
			buildSettings = {
				ASSETCATALOG_COMPILER_APPICON_NAME = AppIcon;
				DEVELOPMENT_TEAM = "";
				FRAMEWORK_SEARCH_PATHS = (
					"$(inherited)",
					"$(PROJECT_DIR)/Carthage/Build/iOS",
				);
				INFOPLIST_FILE = FlickrShow/Info.plist;
				IPHONEOS_DEPLOYMENT_TARGET = 9.0;
				LD_RUNPATH_SEARCH_PATHS = "$(inherited) @executable_path/Frameworks";
				PRODUCT_BUNDLE_IDENTIFIER = com.fullc0de.FlickrShow;
				PRODUCT_NAME = "$(TARGET_NAME)";
				SWIFT_VERSION = 3.0;
				TARGETED_DEVICE_FAMILY = "1,2";
			};
			name = Debug;
		};
		4A0475181DF273FC0018041D /* Release */ = {
			isa = XCBuildConfiguration;
			buildSettings = {
				ASSETCATALOG_COMPILER_APPICON_NAME = AppIcon;
				DEVELOPMENT_TEAM = "";
				FRAMEWORK_SEARCH_PATHS = (
					"$(inherited)",
					"$(PROJECT_DIR)/Carthage/Build/iOS",
				);
				INFOPLIST_FILE = FlickrShow/Info.plist;
				IPHONEOS_DEPLOYMENT_TARGET = 9.0;
				LD_RUNPATH_SEARCH_PATHS = "$(inherited) @executable_path/Frameworks";
				PRODUCT_BUNDLE_IDENTIFIER = com.fullc0de.FlickrShow;
				PRODUCT_NAME = "$(TARGET_NAME)";
				SWIFT_VERSION = 3.0;
				TARGETED_DEVICE_FAMILY = "1,2";
			};
			name = Release;
		};
/* End XCBuildConfiguration section */

/* Begin XCConfigurationList section */
		4A0474FF1DF273FC0018041D /* Build configuration list for PBXProject "FlickrShow" */ = {
			isa = XCConfigurationList;
			buildConfigurations = (
				4A0475141DF273FC0018041D /* Debug */,
				4A0475151DF273FC0018041D /* Release */,
			);
			defaultConfigurationIsVisible = 0;
			defaultConfigurationName = Release;
		};
		4A0475161DF273FC0018041D /* Build configuration list for PBXNativeTarget "FlickrShow" */ = {
			isa = XCConfigurationList;
			buildConfigurations = (
				4A0475171DF273FC0018041D /* Debug */,
				4A0475181DF273FC0018041D /* Release */,
			);
			defaultConfigurationIsVisible = 0;
			defaultConfigurationName = Release;
		};
/* End XCConfigurationList section */
	};
	rootObject = 4A0474FC1DF273FC0018041D /* Project object */;
}
